
Microsoft Visual Studio Solution File, Format Version 12.00
# Visual Studio Version 17
VisualStudioVersion = 17.11.35222.181
MinimumVisualStudioVersion = 10.0.40219.1
Project("{9A19103F-16F7-4668-BE54-9A1E7A4F7556}") = "lab1", "lab1.csproj", "{42439EAD-0695-41EC-A6B6-5F8DFAA30950}"
EndProject
Project("{9A19103F-16F7-4668-BE54-9A1E7A4F7556}") = "lab2", "..\lab2\lab2.csproj", "{2769CCAB-EEDF-4A28-BDC8-5D032C953808}"
EndProject
Project("{9A19103F-16F7-4668-BE54-9A1E7A4F7556}") = "lab3", "..\lab3\lab3.csproj", "{EB17B29A-7D9E-42EE-934E-3632B67A5AEE}"
EndProject
Project("{9A19103F-16F7-4668-BE54-9A1E7A4F7556}") = "lab4", "..\lab4\lab4.csproj", "{E1FEB3B9-F921-493A-B992-89F937FE0B58}"
EndProject
Project("{9A19103F-16F7-4668-BE54-9A1E7A4F7556}") = "lab5", "..\lab5\lab5.csproj", "{690DC5F1-18AD-4DA9-A16A-A49B8FF879A5}"
EndProject
Project("{9A19103F-16F7-4668-BE54-9A1E7A4F7556}") = "exercise1", "..\exercise1\exercise1.csproj", "{606F0CA0-DCFF-4D4E-9750-F38ACCDC82B3}"
EndProject
Project("{9A19103F-16F7-4668-BE54-9A1E7A4F7556}") = "exercise2", "..\exercise2\exercise2.csproj", "{4BC1745B-1CA0-43F9-B5A7-F907523EB2AF}"
EndProject
Project("{FAE04EC0-301F-11D3-BF4B-00C04F79EFBC}") = "exercise3", "..\exercise3\exercise3.csproj", "{F7FCE890-F3DC-44D4-AD91-28220C6DDBA7}"
EndProject
Global
	GlobalSection(SolutionConfigurationPlatforms) = preSolution
		Debug|Any CPU = Debug|Any CPU
		Release|Any CPU = Release|Any CPU
	EndGlobalSection
	GlobalSection(ProjectConfigurationPlatforms) = postSolution
		{42439EAD-0695-41EC-A6B6-5F8DFAA30950}.Debug|Any CPU.ActiveCfg = Debug|Any CPU
		{42439EAD-0695-41EC-A6B6-5F8DFAA30950}.Debug|Any CPU.Build.0 = Debug|Any CPU
		{42439EAD-0695-41EC-A6B6-5F8DFAA30950}.Release|Any CPU.ActiveCfg = Release|Any CPU
		{42439EAD-0695-41EC-A6B6-5F8DFAA30950}.Release|Any CPU.Build.0 = Release|Any CPU
		{2769CCAB-EEDF-4A28-BDC8-5D032C953808}.Debug|Any CPU.ActiveCfg = Debug|Any CPU
		{2769CCAB-EEDF-4A28-BDC8-5D032C953808}.Debug|Any CPU.Build.0 = Debug|Any CPU
		{2769CCAB-EEDF-4A28-BDC8-5D032C953808}.Release|Any CPU.ActiveCfg = Release|Any CPU
		{2769CCAB-EEDF-4A28-BDC8-5D032C953808}.Release|Any CPU.Build.0 = Release|Any CPU
		{EB17B29A-7D9E-42EE-934E-3632B67A5AEE}.Debug|Any CPU.ActiveCfg = Debug|Any CPU
		{EB17B29A-7D9E-42EE-934E-3632B67A5AEE}.Debug|Any CPU.Build.0 = Debug|Any CPU
		{EB17B29A-7D9E-42EE-934E-3632B67A5AEE}.Release|Any CPU.ActiveCfg = Release|Any CPU
		{EB17B29A-7D9E-42EE-934E-3632B67A5AEE}.Release|Any CPU.Build.0 = Release|Any CPU
		{E1FEB3B9-F921-493A-B992-89F937FE0B58}.Debug|Any CPU.ActiveCfg = Debug|Any CPU
		{E1FEB3B9-F921-493A-B992-89F937FE0B58}.Debug|Any CPU.Build.0 = Debug|Any CPU
		{E1FEB3B9-F921-493A-B992-89F937FE0B58}.Release|Any CPU.ActiveCfg = Release|Any CPU
		{E1FEB3B9-F921-493A-B992-89F937FE0B58}.Release|Any CPU.Build.0 = Release|Any CPU
		{690DC5F1-18AD-4DA9-A16A-A49B8FF879A5}.Debug|Any CPU.ActiveCfg = Debug|Any CPU
		{690DC5F1-18AD-4DA9-A16A-A49B8FF879A5}.Debug|Any CPU.Build.0 = Debug|Any CPU
		{690DC5F1-18AD-4DA9-A16A-A49B8FF879A5}.Release|Any CPU.ActiveCfg = Release|Any CPU
		{690DC5F1-18AD-4DA9-A16A-A49B8FF879A5}.Release|Any CPU.Build.0 = Release|Any CPU
		{606F0CA0-DCFF-4D4E-9750-F38ACCDC82B3}.Debug|Any CPU.ActiveCfg = Debug|Any CPU
		{606F0CA0-DCFF-4D4E-9750-F38ACCDC82B3}.Debug|Any CPU.Build.0 = Debug|Any CPU
		{606F0CA0-DCFF-4D4E-9750-F38ACCDC82B3}.Release|Any CPU.ActiveCfg = Release|Any CPU
		{606F0CA0-DCFF-4D4E-9750-F38ACCDC82B3}.Release|Any CPU.Build.0 = Release|Any CPU
		{4BC1745B-1CA0-43F9-B5A7-F907523EB2AF}.Debug|Any CPU.ActiveCfg = Debug|Any CPU
		{4BC1745B-1CA0-43F9-B5A7-F907523EB2AF}.Debug|Any CPU.Build.0 = Debug|Any CPU
		{4BC1745B-1CA0-43F9-B5A7-F907523EB2AF}.Release|Any CPU.ActiveCfg = Release|Any CPU
		{4BC1745B-1CA0-43F9-B5A7-F907523EB2AF}.Release|Any CPU.Build.0 = Release|Any CPU
		{F7FCE890-F3DC-44D4-AD91-28220C6DDBA7}.Debug|Any CPU.ActiveCfg = Debug|Any CPU
		{F7FCE890-F3DC-44D4-AD91-28220C6DDBA7}.Debug|Any CPU.Build.0 = Debug|Any CPU
		{F7FCE890-F3DC-44D4-AD91-28220C6DDBA7}.Release|Any CPU.ActiveCfg = Release|Any CPU
		{F7FCE890-F3DC-44D4-AD91-28220C6DDBA7}.Release|Any CPU.Build.0 = Release|Any CPU
	EndGlobalSection
	GlobalSection(SolutionProperties) = preSolution
		HideSolutionNode = FALSE
	EndGlobalSection
	GlobalSection(ExtensibilityGlobals) = postSolution
		SolutionGuid = {1C20CF2D-8FDF-4AE4-9AEE-2F14C7F13F2E}
	EndGlobalSection
EndGlobal
